
Microsoft Visual Studio Solution File, Format Version 12.00
# Visual Studio Version 17
VisualStudioVersion = 17.8.34408.163
MinimumVisualStudioVersion = 10.0.40219.1
Project("{FAE04EC0-301F-11D3-BF4B-00C04F79EFBC}") = "HtmxLab", "HtmxLab\HtmxLab.csproj", "{0EE2387F-A661-44D3-8F00-01BE5FBA3DD6}"
EndProject
Global
	GlobalSection(SolutionConfigurationPlatforms) = preSolution
		Debug|Any CPU = Debug|Any CPU
		Release|Any CPU = Release|Any CPU
	EndGlobalSection
	GlobalSection(ProjectConfigurationPlatforms) = postSolution
		{0EE2387F-A661-44D3-8F00-01BE5FBA3DD6}.Debug|Any CPU.ActiveCfg = Debug|Any CPU
		{0EE2387F-A661-44D3-8F00-01BE5FBA3DD6}.Debug|Any CPU.Build.0 = Debug|Any CPU
		{0EE2387F-A661-44D3-8F00-01BE5FBA3DD6}.Release|Any CPU.ActiveCfg = Release|Any CPU
		{0EE2387F-A661-44D3-8F00-01BE5FBA3DD6}.Release|Any CPU.Build.0 = Release|Any CPU
	EndGlobalSection
	GlobalSection(SolutionProperties) = preSolution
		HideSolutionNode = FALSE
	EndGlobalSection
	GlobalSection(ExtensibilityGlobals) = postSolution
		SolutionGuid = {CC8A37BF-B9F7-416A-8725-8B59A5E7DDF7}
	EndGlobalSection
EndGlobal
